
Microsoft Visual Studio Solution File, Format Version 12.00
# Visual Studio Version 17
VisualStudioVersion = 17.5.33502.453
MinimumVisualStudioVersion = 10.0.40219.1
Project("{FAE04EC0-301F-11D3-BF4B-00C04F79EFBC}") = "WMS-API", "WMS-API\WMS-API.csproj", "{6950D045-BB02-4E42-A0C0-78A7AA25D620}"
EndProject
Global
	GlobalSection(SolutionConfigurationPlatforms) = preSolution
		Debug|Any CPU = Debug|Any CPU
		Release|Any CPU = Release|Any CPU
	EndGlobalSection
	GlobalSection(ProjectConfigurationPlatforms) = postSolution
		{6950D045-BB02-4E42-A0C0-78A7AA25D620}.Debug|Any CPU.ActiveCfg = Debug|Any CPU
		{6950D045-BB02-4E42-A0C0-78A7AA25D620}.Debug|Any CPU.Build.0 = Debug|Any CPU
		{6950D045-BB02-4E42-A0C0-78A7AA25D620}.Release|Any CPU.ActiveCfg = Release|Any CPU
		{6950D045-BB02-4E42-A0C0-78A7AA25D620}.Release|Any CPU.Build.0 = Release|Any CPU
	EndGlobalSection
	GlobalSection(SolutionProperties) = preSolution
		HideSolutionNode = FALSE
	EndGlobalSection
	GlobalSection(ExtensibilityGlobals) = postSolution
		SolutionGuid = {45E8F9BA-A085-4CB7-BAE4-052663804B0F}
	EndGlobalSection
EndGlobal
